
Microsoft Visual Studio Solution File, Format Version 12.00
# Visual Studio Version 17
VisualStudioVersion = 17.0.31903.59
MinimumVisualStudioVersion = 10.0.40219.1
Project("{2150E333-8FDC-42A3-9474-1A3956D46DE8}") = "Core Services", "Core Services", "{E6914228-ABC6-4553-BA08-FEAA9F284555}"
EndProject
Project("{2150E333-8FDC-42A3-9474-1A3956D46DE8}") = "Identity", "Identity", "{D2C00C1A-6A58-4A71-A803-1D5926F86966}"
EndProject
Project("{FAE04EC0-301F-11D3-BF4B-00C04F79EFBC}") = "IFMS.Identity.API", "IFMS.Identity.API\IFMS.Identity.API.csproj", "{8CBCE5B6-0651-4FEB-804A-0E0A23B10605}"
EndProject
Project("{FAE04EC0-301F-11D3-BF4B-00C04F79EFBC}") = "IFMS.Identity.Application", "IFMS.Identity.Application\IFMS.Identity.Application.csproj", "{D06F8069-3639-4FF4-B99C-3F5526475514}"
EndProject
Project("{FAE04EC0-301F-11D3-BF4B-00C04F79EFBC}") = "IFMS.Identity.Domain", "IFMS.Identity.Domain\IFMS.Identity.Domain.csproj", "{0DAA8289-2DD0-40BF-BE28-DB4F9A5F9920}"
EndProject
Project("{FAE04EC0-301F-11D3-BF4B-00C04F79EFBC}") = "IFMS.Identity.Infrastructure", "IFMS.Identity.Infrastructure\IFMS.Identity.Infrastructure.csproj", "{E0AB7663-C75F-4559-8166-BCC839EB94EA}"
EndProject
Project("{FAE04EC0-301F-11D3-BF4B-00C04F79EFBC}") = "IFMS.Identity.Tests", "IFMS.Identity.Tests\IFMS.Identity.Tests.csproj", "{679A5EAC-195C-49F8-B37F-77DC71BACF5B}"
EndProject
Project("{2150E333-8FDC-42A3-9474-1A3956D46DE8}") = "Booking", "Booking", "{D67DC5A3-8403-4832-B6FB-D8A2888BDC64}"
EndProject
Project("{FAE04EC0-301F-11D3-BF4B-00C04F79EFBC}") = "IFMS.Booking.API", "IFMS.Booking.API\IFMS.Booking.API.csproj", "{D85CAEA8-E02C-41F9-BAF6-05BB0044284A}"
EndProject
Project("{FAE04EC0-301F-11D3-BF4B-00C04F79EFBC}") = "IFMS.Booking.Application", "IFMS.Booking.Application\IFMS.Booking.Application.csproj", "{6B5F7ED1-3EC7-4FDD-919D-CE9B4B56EA25}"
EndProject
Project("{FAE04EC0-301F-11D3-BF4B-00C04F79EFBC}") = "IFMS.Booking.Domain", "IFMS.Booking.Domain\IFMS.Booking.Domain.csproj", "{5B142188-91FF-483E-9A3D-8A8F86B82B60}"
EndProject
Project("{FAE04EC0-301F-11D3-BF4B-00C04F79EFBC}") = "IFMS.Booking.Infrastructure", "IFMS.Booking.Infrastructure\IFMS.Booking.Infrastructure.csproj", "{5A5E74F1-0B96-4445-B070-5011DC208B27}"
EndProject
Project("{FAE04EC0-301F-11D3-BF4B-00C04F79EFBC}") = "IFMS.Booking.Tests", "IFMS.Booking.Tests\IFMS.Booking.Tests.csproj", "{C851390A-EE84-43BD-9DF5-F31AB2D7371F}"
EndProject
Project("{2150E333-8FDC-42A3-9474-1A3956D46DE8}") = "Sales", "Sales", "{DDB55C05-B838-4E15-8618-D2CB8AF4F6B9}"
EndProject
Project("{FAE04EC0-301F-11D3-BF4B-00C04F79EFBC}") = "IFMS.Sales.API", "IFMS.Sales.API\IFMS.Sales.API.csproj", "{5932F665-65C0-4F64-BB07-CB1B1D2BA3A5}"
EndProject
Project("{FAE04EC0-301F-11D3-BF4B-00C04F79EFBC}") = "IFMS.Sales.Application", "IFMS.Sales.Application\IFMS.Sales.Application.csproj", "{76973258-B4A9-4EF6-814D-8330E466D63C}"
EndProject
Project("{FAE04EC0-301F-11D3-BF4B-00C04F79EFBC}") = "IFMS.Sales.Domain", "IFMS.Sales.Domain\IFMS.Sales.Domain.csproj", "{F914652C-7E03-4E48-B3F1-89BA44A65B44}"
EndProject
Project("{FAE04EC0-301F-11D3-BF4B-00C04F79EFBC}") = "IFMS.Sales.Infrastructure", "IFMS.Sales.Infrastructure\IFMS.Sales.Infrastructure.csproj", "{D75FECD5-EDEE-479D-B1B8-4B53BAFE78DB}"
EndProject
Project("{FAE04EC0-301F-11D3-BF4B-00C04F79EFBC}") = "IFMS.Sales.Tests", "IFMS.Sales.Tests\IFMS.Sales.Tests.csproj", "{E63E8B96-47B5-4730-B3B7-053031E97578}"
EndProject
Project("{2150E333-8FDC-42A3-9474-1A3956D46DE8}") = "Inventory", "Inventory", "{34960D40-6618-41F0-8514-47A7B9CB839E}"
EndProject
Project("{FAE04EC0-301F-11D3-BF4B-00C04F79EFBC}") = "IFMS.Inventory.API", "IFMS.Inventory.API\IFMS.Inventory.API.csproj", "{869B327A-B003-427C-A8D2-970B46D9AF03}"
EndProject
Project("{FAE04EC0-301F-11D3-BF4B-00C04F79EFBC}") = "IFMS.Inventory.Application", "IFMS.Inventory.Application\IFMS.Inventory.Application.csproj", "{69030D2A-6AD6-41B3-B328-E3F7847FF0FB}"
EndProject
Project("{FAE04EC0-301F-11D3-BF4B-00C04F79EFBC}") = "IFMS.Inventory.Domain", "IFMS.Inventory.Domain\IFMS.Inventory.Domain.csproj", "{A5F83A87-3F41-4AF4-8DBB-28D3F84D13D4}"
EndProject
Project("{FAE04EC0-301F-11D3-BF4B-00C04F79EFBC}") = "IFMS.Inventory.Infrastructure", "IFMS.Inventory.Infrastructure\IFMS.Inventory.Infrastructure.csproj", "{B709F3EB-AD84-4B33-8FAE-BF9C0AD1B3BD}"
EndProject
Project("{FAE04EC0-301F-11D3-BF4B-00C04F79EFBC}") = "IFMS.Inventory.Tests", "IFMS.Inventory.Tests\IFMS.Inventory.Tests.csproj", "{40A7EFB9-40C6-42E3-AB78-32ECD46B2A29}"
EndProject
Project("{2150E333-8FDC-42A3-9474-1A3956D46DE8}") = "Station", "Station", "{F4B031C8-3ADC-45F7-A8CE-84C27AA2A704}"
EndProject
Project("{FAE04EC0-301F-11D3-BF4B-00C04F79EFBC}") = "IFMS.Station.API", "IFMS.Station.API\IFMS.Station.API.csproj", "{F79A6384-0A47-4ECB-8D8D-1D8449A62235}"
EndProject
Project("{FAE04EC0-301F-11D3-BF4B-00C04F79EFBC}") = "IFMS.Station.Application", "IFMS.Station.Application\IFMS.Station.Application.csproj", "{F583756E-9909-416A-A4E2-05F86FD6ABC1}"
EndProject
Project("{FAE04EC0-301F-11D3-BF4B-00C04F79EFBC}") = "IFMS.Station.Domain", "IFMS.Station.Domain\IFMS.Station.Domain.csproj", "{7557B598-6707-4330-BAB2-7D6901F5D8E3}"
EndProject
Project("{FAE04EC0-301F-11D3-BF4B-00C04F79EFBC}") = "IFMS.Station.Infrastructure", "IFMS.Station.Infrastructure\IFMS.Station.Infrastructure.csproj", "{0DE9F994-D370-4B01-833E-B15CA868D98A}"
EndProject
Project("{FAE04EC0-301F-11D3-BF4B-00C04F79EFBC}") = "IFMS.Station.API.Tests", "IFMS.Station.API.Tests\IFMS.Station.API.Tests.csproj", "{0F24F649-067B-4766-B541-49B72010B6B1}"
EndProject
Project("{FAE04EC0-301F-11D3-BF4B-00C04F79EFBC}") = "IFMS.Station.Domain.Tests", "IFMS.Station.Domain.Tests\IFMS.Station.Domain.Tests.csproj", "{7E250845-4412-47CF-AD70-40453ACF48EB}"
EndProject
Project("{FAE04EC0-301F-11D3-BF4B-00C04F79EFBC}") = "IFMS.Station.Infrastructure.Tests", "IFMS.Station.Infrastructure.Tests\IFMS.Station.Infrastructure.Tests.csproj", "{DEF1BB19-93F6-46AA-A961-0BDA5FEF466E}"
EndProject
Project("{2150E333-8FDC-42A3-9474-1A3956D46DE8}") = "Notification", "Notification", "{C1B34B00-10C5-4CCA-A7CC-5DE47E4A84FE}"
EndProject
Project("{FAE04EC0-301F-11D3-BF4B-00C04F79EFBC}") = "IFMS.Notification.API", "IFMS.Notification.API\IFMS.Notification.API.csproj", "{135785FE-B4BF-4A54-AB36-D81F59D5DC1E}"
EndProject
Project("{FAE04EC0-301F-11D3-BF4B-00C04F79EFBC}") = "IFMS.Notification.Tests", "IFMS.Notification.Tests\IFMS.Notification.Tests.csproj", "{BE688117-6749-4E4D-86BB-3C97E768EB22}"
EndProject
Project("{2150E333-8FDC-42A3-9474-1A3956D46DE8}") = "Admin", "Admin", "{F2436D83-1C0B-49BB-987B-DD729DB46C41}"
EndProject
Project("{FAE04EC0-301F-11D3-BF4B-00C04F79EFBC}") = "IFMS.Admin.API", "IFMS.Admin.API\IFMS.Admin.API.csproj", "{05AFECAD-D813-4218-890A-C9B51B3D30FC}"
EndProject
Project("{FAE04EC0-301F-11D3-BF4B-00C04F79EFBC}") = "IFMS.Admin.Application", "IFMS.Admin.Application\IFMS.Admin.Application.csproj", "{C814275A-A407-47F9-90A6-8BFD0EF4AD0A}"
EndProject
Project("{FAE04EC0-301F-11D3-BF4B-00C04F79EFBC}") = "IFMS.Admin.Infrastructure", "IFMS.Admin.Infrastructure\IFMS.Admin.Infrastructure.csproj", "{835B09F9-28A5-4CEB-A7D2-B614653A7D62}"
EndProject
Project("{2150E333-8FDC-42A3-9474-1A3956D46DE8}") = "Gateways & Aggregators", "Gateways & Aggregators", "{F1D07AE5-499F-4978-8F45-924BAEBE169B}"
EndProject
Project("{FAE04EC0-301F-11D3-BF4B-00C04F79EFBC}") = "IFMS.Gateway", "IFMS.Gateway\IFMS.Gateway.csproj", "{4FC42136-070E-41C3-94F7-363E7DA57531}"
EndProject
Project("{FAE04EC0-301F-11D3-BF4B-00C04F79EFBC}") = "IFMS.GraphQL.API", "IFMS.GraphQL.API\IFMS.GraphQL.API.csproj", "{922BB21B-C07C-4AFB-9420-243D97190C86}"
EndProject
Project("{2150E333-8FDC-42A3-9474-1A3956D46DE8}") = "Shared Libraries", "Shared Libraries", "{25C8D52A-DAD7-49F4-BA97-6936DE59BA9E}"
EndProject
Project("{FAE04EC0-301F-11D3-BF4B-00C04F79EFBC}") = "IFMS.Messaging", "IFMS.Messaging\IFMS.Messaging.csproj", "{7EC29897-1122-4136-9E56-8D5A8BF569B3}"
EndProject
Project("{2150E333-8FDC-42A3-9474-1A3956D46DE8}") = "Database & Scripts", "Database & Scripts", "{A937A7DD-8EF2-4903-ADF6-BED28C1F604C}"
EndProject
Project("{FAE04EC0-301F-11D3-BF4B-00C04F79EFBC}") = "fix-db", "fix-db\fix-db.csproj", "{0FDE05DF-B377-49E8-B737-774036F01B8B}"
EndProject
Global
	GlobalSection(SolutionConfigurationPlatforms) = preSolution
		Debug|Any CPU = Debug|Any CPU
		Release|Any CPU = Release|Any CPU
	EndGlobalSection
	GlobalSection(SolutionProperties) = preSolution
		HideSolutionNode = FALSE
	EndGlobalSection
	GlobalSection(ProjectConfigurationPlatforms) = postSolution
		{8CBCE5B6-0651-4FEB-804A-0E0A23B10605}.Debug|Any CPU.ActiveCfg = Debug|Any CPU
		{8CBCE5B6-0651-4FEB-804A-0E0A23B10605}.Debug|Any CPU.Build.0 = Debug|Any CPU
		{8CBCE5B6-0651-4FEB-804A-0E0A23B10605}.Release|Any CPU.ActiveCfg = Release|Any CPU
		{8CBCE5B6-0651-4FEB-804A-0E0A23B10605}.Release|Any CPU.Build.0 = Release|Any CPU
		{D06F8069-3639-4FF4-B99C-3F5526475514}.Debug|Any CPU.ActiveCfg = Debug|Any CPU
		{D06F8069-3639-4FF4-B99C-3F5526475514}.Debug|Any CPU.Build.0 = Debug|Any CPU
		{D06F8069-3639-4FF4-B99C-3F5526475514}.Release|Any CPU.ActiveCfg = Release|Any CPU
		{D06F8069-3639-4FF4-B99C-3F5526475514}.Release|Any CPU.Build.0 = Release|Any CPU
		{0DAA8289-2DD0-40BF-BE28-DB4F9A5F9920}.Debug|Any CPU.ActiveCfg = Debug|Any CPU
		{0DAA8289-2DD0-40BF-BE28-DB4F9A5F9920}.Debug|Any CPU.Build.0 = Debug|Any CPU
		{0DAA8289-2DD0-40BF-BE28-DB4F9A5F9920}.Release|Any CPU.ActiveCfg = Release|Any CPU
		{0DAA8289-2DD0-40BF-BE28-DB4F9A5F9920}.Release|Any CPU.Build.0 = Release|Any CPU
		{E0AB7663-C75F-4559-8166-BCC839EB94EA}.Debug|Any CPU.ActiveCfg = Debug|Any CPU
		{E0AB7663-C75F-4559-8166-BCC839EB94EA}.Debug|Any CPU.Build.0 = Debug|Any CPU
		{E0AB7663-C75F-4559-8166-BCC839EB94EA}.Release|Any CPU.ActiveCfg = Release|Any CPU
		{E0AB7663-C75F-4559-8166-BCC839EB94EA}.Release|Any CPU.Build.0 = Release|Any CPU
		{679A5EAC-195C-49F8-B37F-77DC71BACF5B}.Debug|Any CPU.ActiveCfg = Debug|Any CPU
		{679A5EAC-195C-49F8-B37F-77DC71BACF5B}.Debug|Any CPU.Build.0 = Debug|Any CPU
		{679A5EAC-195C-49F8-B37F-77DC71BACF5B}.Release|Any CPU.ActiveCfg = Release|Any CPU
		{679A5EAC-195C-49F8-B37F-77DC71BACF5B}.Release|Any CPU.Build.0 = Release|Any CPU
		{D85CAEA8-E02C-41F9-BAF6-05BB0044284A}.Debug|Any CPU.ActiveCfg = Debug|Any CPU
		{D85CAEA8-E02C-41F9-BAF6-05BB0044284A}.Debug|Any CPU.Build.0 = Debug|Any CPU
		{D85CAEA8-E02C-41F9-BAF6-05BB0044284A}.Release|Any CPU.ActiveCfg = Release|Any CPU
		{D85CAEA8-E02C-41F9-BAF6-05BB0044284A}.Release|Any CPU.Build.0 = Release|Any CPU
		{6B5F7ED1-3EC7-4FDD-919D-CE9B4B56EA25}.Debug|Any CPU.ActiveCfg = Debug|Any CPU
		{6B5F7ED1-3EC7-4FDD-919D-CE9B4B56EA25}.Debug|Any CPU.Build.0 = Debug|Any CPU
		{6B5F7ED1-3EC7-4FDD-919D-CE9B4B56EA25}.Release|Any CPU.ActiveCfg = Release|Any CPU
		{6B5F7ED1-3EC7-4FDD-919D-CE9B4B56EA25}.Release|Any CPU.Build.0 = Release|Any CPU
		{5B142188-91FF-483E-9A3D-8A8F86B82B60}.Debug|Any CPU.ActiveCfg = Debug|Any CPU
		{5B142188-91FF-483E-9A3D-8A8F86B82B60}.Debug|Any CPU.Build.0 = Debug|Any CPU
		{5B142188-91FF-483E-9A3D-8A8F86B82B60}.Release|Any CPU.ActiveCfg = Release|Any CPU
		{5B142188-91FF-483E-9A3D-8A8F86B82B60}.Release|Any CPU.Build.0 = Release|Any CPU
		{5A5E74F1-0B96-4445-B070-5011DC208B27}.Debug|Any CPU.ActiveCfg = Debug|Any CPU
		{5A5E74F1-0B96-4445-B070-5011DC208B27}.Debug|Any CPU.Build.0 = Debug|Any CPU
		{5A5E74F1-0B96-4445-B070-5011DC208B27}.Release|Any CPU.ActiveCfg = Release|Any CPU
		{5A5E74F1-0B96-4445-B070-5011DC208B27}.Release|Any CPU.Build.0 = Release|Any CPU
		{C851390A-EE84-43BD-9DF5-F31AB2D7371F}.Debug|Any CPU.ActiveCfg = Debug|Any CPU
		{C851390A-EE84-43BD-9DF5-F31AB2D7371F}.Debug|Any CPU.Build.0 = Debug|Any CPU
		{C851390A-EE84-43BD-9DF5-F31AB2D7371F}.Release|Any CPU.ActiveCfg = Release|Any CPU
		{C851390A-EE84-43BD-9DF5-F31AB2D7371F}.Release|Any CPU.Build.0 = Release|Any CPU
		{5932F665-65C0-4F64-BB07-CB1B1D2BA3A5}.Debug|Any CPU.ActiveCfg = Debug|Any CPU
		{5932F665-65C0-4F64-BB07-CB1B1D2BA3A5}.Debug|Any CPU.Build.0 = Debug|Any CPU
		{5932F665-65C0-4F64-BB07-CB1B1D2BA3A5}.Release|Any CPU.ActiveCfg = Release|Any CPU
		{5932F665-65C0-4F64-BB07-CB1B1D2BA3A5}.Release|Any CPU.Build.0 = Release|Any CPU
		{76973258-B4A9-4EF6-814D-8330E466D63C}.Debug|Any CPU.ActiveCfg = Debug|Any CPU
		{76973258-B4A9-4EF6-814D-8330E466D63C}.Debug|Any CPU.Build.0 = Debug|Any CPU
		{76973258-B4A9-4EF6-814D-8330E466D63C}.Release|Any CPU.ActiveCfg = Release|Any CPU
		{76973258-B4A9-4EF6-814D-8330E466D63C}.Release|Any CPU.Build.0 = Release|Any CPU
		{F914652C-7E03-4E48-B3F1-89BA44A65B44}.Debug|Any CPU.ActiveCfg = Debug|Any CPU
		{F914652C-7E03-4E48-B3F1-89BA44A65B44}.Debug|Any CPU.Build.0 = Debug|Any CPU
		{F914652C-7E03-4E48-B3F1-89BA44A65B44}.Release|Any CPU.ActiveCfg = Release|Any CPU
		{F914652C-7E03-4E48-B3F1-89BA44A65B44}.Release|Any CPU.Build.0 = Release|Any CPU
		{D75FECD5-EDEE-479D-B1B8-4B53BAFE78DB}.Debug|Any CPU.ActiveCfg = Debug|Any CPU
		{D75FECD5-EDEE-479D-B1B8-4B53BAFE78DB}.Debug|Any CPU.Build.0 = Debug|Any CPU
		{D75FECD5-EDEE-479D-B1B8-4B53BAFE78DB}.Release|Any CPU.ActiveCfg = Release|Any CPU
		{D75FECD5-EDEE-479D-B1B8-4B53BAFE78DB}.Release|Any CPU.Build.0 = Release|Any CPU
		{E63E8B96-47B5-4730-B3B7-053031E97578}.Debug|Any CPU.ActiveCfg = Debug|Any CPU
		{E63E8B96-47B5-4730-B3B7-053031E97578}.Debug|Any CPU.Build.0 = Debug|Any CPU
		{E63E8B96-47B5-4730-B3B7-053031E97578}.Release|Any CPU.ActiveCfg = Release|Any CPU
		{E63E8B96-47B5-4730-B3B7-053031E97578}.Release|Any CPU.Build.0 = Release|Any CPU
		{869B327A-B003-427C-A8D2-970B46D9AF03}.Debug|Any CPU.ActiveCfg = Debug|Any CPU
		{869B327A-B003-427C-A8D2-970B46D9AF03}.Debug|Any CPU.Build.0 = Debug|Any CPU
		{869B327A-B003-427C-A8D2-970B46D9AF03}.Release|Any CPU.ActiveCfg = Release|Any CPU
		{869B327A-B003-427C-A8D2-970B46D9AF03}.Release|Any CPU.Build.0 = Release|Any CPU
		{69030D2A-6AD6-41B3-B328-E3F7847FF0FB}.Debug|Any CPU.ActiveCfg = Debug|Any CPU
		{69030D2A-6AD6-41B3-B328-E3F7847FF0FB}.Debug|Any CPU.Build.0 = Debug|Any CPU
		{69030D2A-6AD6-41B3-B328-E3F7847FF0FB}.Release|Any CPU.ActiveCfg = Release|Any CPU
		{69030D2A-6AD6-41B3-B328-E3F7847FF0FB}.Release|Any CPU.Build.0 = Release|Any CPU
		{A5F83A87-3F41-4AF4-8DBB-28D3F84D13D4}.Debug|Any CPU.ActiveCfg = Debug|Any CPU
		{A5F83A87-3F41-4AF4-8DBB-28D3F84D13D4}.Debug|Any CPU.Build.0 = Debug|Any CPU
		{A5F83A87-3F41-4AF4-8DBB-28D3F84D13D4}.Release|Any CPU.ActiveCfg = Release|Any CPU
		{A5F83A87-3F41-4AF4-8DBB-28D3F84D13D4}.Release|Any CPU.Build.0 = Release|Any CPU
		{B709F3EB-AD84-4B33-8FAE-BF9C0AD1B3BD}.Debug|Any CPU.ActiveCfg = Debug|Any CPU
		{B709F3EB-AD84-4B33-8FAE-BF9C0AD1B3BD}.Debug|Any CPU.Build.0 = Debug|Any CPU
		{B709F3EB-AD84-4B33-8FAE-BF9C0AD1B3BD}.Release|Any CPU.ActiveCfg = Release|Any CPU
		{B709F3EB-AD84-4B33-8FAE-BF9C0AD1B3BD}.Release|Any CPU.Build.0 = Release|Any CPU
		{40A7EFB9-40C6-42E3-AB78-32ECD46B2A29}.Debug|Any CPU.ActiveCfg = Debug|Any CPU
		{40A7EFB9-40C6-42E3-AB78-32ECD46B2A29}.Debug|Any CPU.Build.0 = Debug|Any CPU
		{40A7EFB9-40C6-42E3-AB78-32ECD46B2A29}.Release|Any CPU.ActiveCfg = Release|Any CPU
		{40A7EFB9-40C6-42E3-AB78-32ECD46B2A29}.Release|Any CPU.Build.0 = Release|Any CPU
		{F79A6384-0A47-4ECB-8D8D-1D8449A62235}.Debug|Any CPU.ActiveCfg = Debug|Any CPU
		{F79A6384-0A47-4ECB-8D8D-1D8449A62235}.Debug|Any CPU.Build.0 = Debug|Any CPU
		{F79A6384-0A47-4ECB-8D8D-1D8449A62235}.Release|Any CPU.ActiveCfg = Release|Any CPU
		{F79A6384-0A47-4ECB-8D8D-1D8449A62235}.Release|Any CPU.Build.0 = Release|Any CPU
		{F583756E-9909-416A-A4E2-05F86FD6ABC1}.Debug|Any CPU.ActiveCfg = Debug|Any CPU
		{F583756E-9909-416A-A4E2-05F86FD6ABC1}.Debug|Any CPU.Build.0 = Debug|Any CPU
		{F583756E-9909-416A-A4E2-05F86FD6ABC1}.Release|Any CPU.ActiveCfg = Release|Any CPU
		{F583756E-9909-416A-A4E2-05F86FD6ABC1}.Release|Any CPU.Build.0 = Release|Any CPU
		{7557B598-6707-4330-BAB2-7D6901F5D8E3}.Debug|Any CPU.ActiveCfg = Debug|Any CPU
		{7557B598-6707-4330-BAB2-7D6901F5D8E3}.Debug|Any CPU.Build.0 = Debug|Any CPU
		{7557B598-6707-4330-BAB2-7D6901F5D8E3}.Release|Any CPU.ActiveCfg = Release|Any CPU
		{7557B598-6707-4330-BAB2-7D6901F5D8E3}.Release|Any CPU.Build.0 = Release|Any CPU
		{0DE9F994-D370-4B01-833E-B15CA868D98A}.Debug|Any CPU.ActiveCfg = Debug|Any CPU
		{0DE9F994-D370-4B01-833E-B15CA868D98A}.Debug|Any CPU.Build.0 = Debug|Any CPU
		{0DE9F994-D370-4B01-833E-B15CA868D98A}.Release|Any CPU.ActiveCfg = Release|Any CPU
		{0DE9F994-D370-4B01-833E-B15CA868D98A}.Release|Any CPU.Build.0 = Release|Any CPU
		{0F24F649-067B-4766-B541-49B72010B6B1}.Debug|Any CPU.ActiveCfg = Debug|Any CPU
		{0F24F649-067B-4766-B541-49B72010B6B1}.Debug|Any CPU.Build.0 = Debug|Any CPU
		{0F24F649-067B-4766-B541-49B72010B6B1}.Release|Any CPU.ActiveCfg = Release|Any CPU
		{0F24F649-067B-4766-B541-49B72010B6B1}.Release|Any CPU.Build.0 = Release|Any CPU
		{7E250845-4412-47CF-AD70-40453ACF48EB}.Debug|Any CPU.ActiveCfg = Debug|Any CPU
		{7E250845-4412-47CF-AD70-40453ACF48EB}.Debug|Any CPU.Build.0 = Debug|Any CPU
		{7E250845-4412-47CF-AD70-40453ACF48EB}.Release|Any CPU.ActiveCfg = Release|Any CPU
		{7E250845-4412-47CF-AD70-40453ACF48EB}.Release|Any CPU.Build.0 = Release|Any CPU
		{DEF1BB19-93F6-46AA-A961-0BDA5FEF466E}.Debug|Any CPU.ActiveCfg = Debug|Any CPU
		{DEF1BB19-93F6-46AA-A961-0BDA5FEF466E}.Debug|Any CPU.Build.0 = Debug|Any CPU
		{DEF1BB19-93F6-46AA-A961-0BDA5FEF466E}.Release|Any CPU.ActiveCfg = Release|Any CPU
		{DEF1BB19-93F6-46AA-A961-0BDA5FEF466E}.Release|Any CPU.Build.0 = Release|Any CPU
		{135785FE-B4BF-4A54-AB36-D81F59D5DC1E}.Debug|Any CPU.ActiveCfg = Debug|Any CPU
		{135785FE-B4BF-4A54-AB36-D81F59D5DC1E}.Debug|Any CPU.Build.0 = Debug|Any CPU
		{135785FE-B4BF-4A54-AB36-D81F59D5DC1E}.Release|Any CPU.ActiveCfg = Release|Any CPU
		{135785FE-B4BF-4A54-AB36-D81F59D5DC1E}.Release|Any CPU.Build.0 = Release|Any CPU
		{BE688117-6749-4E4D-86BB-3C97E768EB22}.Debug|Any CPU.ActiveCfg = Debug|Any CPU
		{BE688117-6749-4E4D-86BB-3C97E768EB22}.Debug|Any CPU.Build.0 = Debug|Any CPU
		{BE688117-6749-4E4D-86BB-3C97E768EB22}.Release|Any CPU.ActiveCfg = Release|Any CPU
		{BE688117-6749-4E4D-86BB-3C97E768EB22}.Release|Any CPU.Build.0 = Release|Any CPU
		{05AFECAD-D813-4218-890A-C9B51B3D30FC}.Debug|Any CPU.ActiveCfg = Debug|Any CPU
		{05AFECAD-D813-4218-890A-C9B51B3D30FC}.Debug|Any CPU.Build.0 = Debug|Any CPU
		{05AFECAD-D813-4218-890A-C9B51B3D30FC}.Release|Any CPU.ActiveCfg = Release|Any CPU
		{05AFECAD-D813-4218-890A-C9B51B3D30FC}.Release|Any CPU.Build.0 = Release|Any CPU
		{C814275A-A407-47F9-90A6-8BFD0EF4AD0A}.Debug|Any CPU.ActiveCfg = Debug|Any CPU
		{C814275A-A407-47F9-90A6-8BFD0EF4AD0A}.Debug|Any CPU.Build.0 = Debug|Any CPU
		{C814275A-A407-47F9-90A6-8BFD0EF4AD0A}.Release|Any CPU.ActiveCfg = Release|Any CPU
		{C814275A-A407-47F9-90A6-8BFD0EF4AD0A}.Release|Any CPU.Build.0 = Release|Any CPU
		{835B09F9-28A5-4CEB-A7D2-B614653A7D62}.Debug|Any CPU.ActiveCfg = Debug|Any CPU
		{835B09F9-28A5-4CEB-A7D2-B614653A7D62}.Debug|Any CPU.Build.0 = Debug|Any CPU
		{835B09F9-28A5-4CEB-A7D2-B614653A7D62}.Release|Any CPU.ActiveCfg = Release|Any CPU
		{835B09F9-28A5-4CEB-A7D2-B614653A7D62}.Release|Any CPU.Build.0 = Release|Any CPU
		{4FC42136-070E-41C3-94F7-363E7DA57531}.Debug|Any CPU.ActiveCfg = Debug|Any CPU
		{4FC42136-070E-41C3-94F7-363E7DA57531}.Debug|Any CPU.Build.0 = Debug|Any CPU
		{4FC42136-070E-41C3-94F7-363E7DA57531}.Release|Any CPU.ActiveCfg = Release|Any CPU
		{4FC42136-070E-41C3-94F7-363E7DA57531}.Release|Any CPU.Build.0 = Release|Any CPU
		{922BB21B-C07C-4AFB-9420-243D97190C86}.Debug|Any CPU.ActiveCfg = Debug|Any CPU
		{922BB21B-C07C-4AFB-9420-243D97190C86}.Debug|Any CPU.Build.0 = Debug|Any CPU
		{922BB21B-C07C-4AFB-9420-243D97190C86}.Release|Any CPU.ActiveCfg = Release|Any CPU
		{922BB21B-C07C-4AFB-9420-243D97190C86}.Release|Any CPU.Build.0 = Release|Any CPU
		{7EC29897-1122-4136-9E56-8D5A8BF569B3}.Debug|Any CPU.ActiveCfg = Debug|Any CPU
		{7EC29897-1122-4136-9E56-8D5A8BF569B3}.Debug|Any CPU.Build.0 = Debug|Any CPU
		{7EC29897-1122-4136-9E56-8D5A8BF569B3}.Release|Any CPU.ActiveCfg = Release|Any CPU
		{7EC29897-1122-4136-9E56-8D5A8BF569B3}.Release|Any CPU.Build.0 = Release|Any CPU
		{0FDE05DF-B377-49E8-B737-774036F01B8B}.Debug|Any CPU.ActiveCfg = Debug|Any CPU
		{0FDE05DF-B377-49E8-B737-774036F01B8B}.Debug|Any CPU.Build.0 = Debug|Any CPU
		{0FDE05DF-B377-49E8-B737-774036F01B8B}.Release|Any CPU.ActiveCfg = Release|Any CPU
		{0FDE05DF-B377-49E8-B737-774036F01B8B}.Release|Any CPU.Build.0 = Release|Any CPU
	EndGlobalSection
	GlobalSection(NestedProjects) = preSolution
		{D2C00C1A-6A58-4A71-A803-1D5926F86966} = {E6914228-ABC6-4553-BA08-FEAA9F284555}
		{8CBCE5B6-0651-4FEB-804A-0E0A23B10605} = {D2C00C1A-6A58-4A71-A803-1D5926F86966}
		{D06F8069-3639-4FF4-B99C-3F5526475514} = {D2C00C1A-6A58-4A71-A803-1D5926F86966}
		{0DAA8289-2DD0-40BF-BE28-DB4F9A5F9920} = {D2C00C1A-6A58-4A71-A803-1D5926F86966}
		{E0AB7663-C75F-4559-8166-BCC839EB94EA} = {D2C00C1A-6A58-4A71-A803-1D5926F86966}
		{679A5EAC-195C-49F8-B37F-77DC71BACF5B} = {D2C00C1A-6A58-4A71-A803-1D5926F86966}
		{D67DC5A3-8403-4832-B6FB-D8A2888BDC64} = {E6914228-ABC6-4553-BA08-FEAA9F284555}
		{D85CAEA8-E02C-41F9-BAF6-05BB0044284A} = {D67DC5A3-8403-4832-B6FB-D8A2888BDC64}
		{6B5F7ED1-3EC7-4FDD-919D-CE9B4B56EA25} = {D67DC5A3-8403-4832-B6FB-D8A2888BDC64}
		{5B142188-91FF-483E-9A3D-8A8F86B82B60} = {D67DC5A3-8403-4832-B6FB-D8A2888BDC64}
		{5A5E74F1-0B96-4445-B070-5011DC208B27} = {D67DC5A3-8403-4832-B6FB-D8A2888BDC64}
		{C851390A-EE84-43BD-9DF5-F31AB2D7371F} = {D67DC5A3-8403-4832-B6FB-D8A2888BDC64}
		{DDB55C05-B838-4E15-8618-D2CB8AF4F6B9} = {E6914228-ABC6-4553-BA08-FEAA9F284555}
		{5932F665-65C0-4F64-BB07-CB1B1D2BA3A5} = {DDB55C05-B838-4E15-8618-D2CB8AF4F6B9}
		{76973258-B4A9-4EF6-814D-8330E466D63C} = {DDB55C05-B838-4E15-8618-D2CB8AF4F6B9}
		{F914652C-7E03-4E48-B3F1-89BA44A65B44} = {DDB55C05-B838-4E15-8618-D2CB8AF4F6B9}
		{D75FECD5-EDEE-479D-B1B8-4B53BAFE78DB} = {DDB55C05-B838-4E15-8618-D2CB8AF4F6B9}
		{E63E8B96-47B5-4730-B3B7-053031E97578} = {DDB55C05-B838-4E15-8618-D2CB8AF4F6B9}
		{34960D40-6618-41F0-8514-47A7B9CB839E} = {E6914228-ABC6-4553-BA08-FEAA9F284555}
		{869B327A-B003-427C-A8D2-970B46D9AF03} = {34960D40-6618-41F0-8514-47A7B9CB839E}
		{69030D2A-6AD6-41B3-B328-E3F7847FF0FB} = {34960D40-6618-41F0-8514-47A7B9CB839E}
		{A5F83A87-3F41-4AF4-8DBB-28D3F84D13D4} = {34960D40-6618-41F0-8514-47A7B9CB839E}
		{B709F3EB-AD84-4B33-8FAE-BF9C0AD1B3BD} = {34960D40-6618-41F0-8514-47A7B9CB839E}
		{40A7EFB9-40C6-42E3-AB78-32ECD46B2A29} = {34960D40-6618-41F0-8514-47A7B9CB839E}
		{F4B031C8-3ADC-45F7-A8CE-84C27AA2A704} = {E6914228-ABC6-4553-BA08-FEAA9F284555}
		{F79A6384-0A47-4ECB-8D8D-1D8449A62235} = {F4B031C8-3ADC-45F7-A8CE-84C27AA2A704}
		{F583756E-9909-416A-A4E2-05F86FD6ABC1} = {F4B031C8-3ADC-45F7-A8CE-84C27AA2A704}
		{7557B598-6707-4330-BAB2-7D6901F5D8E3} = {F4B031C8-3ADC-45F7-A8CE-84C27AA2A704}
		{0DE9F994-D370-4B01-833E-B15CA868D98A} = {F4B031C8-3ADC-45F7-A8CE-84C27AA2A704}
		{0F24F649-067B-4766-B541-49B72010B6B1} = {F4B031C8-3ADC-45F7-A8CE-84C27AA2A704}
		{7E250845-4412-47CF-AD70-40453ACF48EB} = {F4B031C8-3ADC-45F7-A8CE-84C27AA2A704}
		{DEF1BB19-93F6-46AA-A961-0BDA5FEF466E} = {F4B031C8-3ADC-45F7-A8CE-84C27AA2A704}
		{C1B34B00-10C5-4CCA-A7CC-5DE47E4A84FE} = {E6914228-ABC6-4553-BA08-FEAA9F284555}
		{135785FE-B4BF-4A54-AB36-D81F59D5DC1E} = {C1B34B00-10C5-4CCA-A7CC-5DE47E4A84FE}
		{BE688117-6749-4E4D-86BB-3C97E768EB22} = {C1B34B00-10C5-4CCA-A7CC-5DE47E4A84FE}
		{F2436D83-1C0B-49BB-987B-DD729DB46C41} = {E6914228-ABC6-4553-BA08-FEAA9F284555}
		{05AFECAD-D813-4218-890A-C9B51B3D30FC} = {F2436D83-1C0B-49BB-987B-DD729DB46C41}
		{C814275A-A407-47F9-90A6-8BFD0EF4AD0A} = {F2436D83-1C0B-49BB-987B-DD729DB46C41}
		{835B09F9-28A5-4CEB-A7D2-B614653A7D62} = {F2436D83-1C0B-49BB-987B-DD729DB46C41}
		{4FC42136-070E-41C3-94F7-363E7DA57531} = {F1D07AE5-499F-4978-8F45-924BAEBE169B}
		{922BB21B-C07C-4AFB-9420-243D97190C86} = {F1D07AE5-499F-4978-8F45-924BAEBE169B}
		{7EC29897-1122-4136-9E56-8D5A8BF569B3} = {25C8D52A-DAD7-49F4-BA97-6936DE59BA9E}
		{0FDE05DF-B377-49E8-B737-774036F01B8B} = {A937A7DD-8EF2-4903-ADF6-BED28C1F604C}
	EndGlobalSection
EndGlobal
